
Microsoft Visual Studio Solution File, Format Version 12.00
# Visual Studio Version 17
VisualStudioVersion = 17.8.34601.278
MinimumVisualStudioVersion = 10.0.40219.1
Project("{FAE04EC0-301F-11D3-BF4B-00C04F79EFBC}") = "Beadando", "Beadando\Beadando.csproj", "{24A0D4F8-1B3B-4794-99A1-6461D7559D4D}"
EndProject
Project("{FAE04EC0-301F-11D3-BF4B-00C04F79EFBC}") = "Test", "Test\Test.csproj", "{1F6E9846-AF96-4B51-B130-F3EDEC10E2D4}"
EndProject
Global
	GlobalSection(SolutionConfigurationPlatforms) = preSolution
		Debug|Any CPU = Debug|Any CPU
		Release|Any CPU = Release|Any CPU
	EndGlobalSection
	GlobalSection(ProjectConfigurationPlatforms) = postSolution
		{24A0D4F8-1B3B-4794-99A1-6461D7559D4D}.Debug|Any CPU.ActiveCfg = Debug|Any CPU
		{24A0D4F8-1B3B-4794-99A1-6461D7559D4D}.Debug|Any CPU.Build.0 = Debug|Any CPU
		{24A0D4F8-1B3B-4794-99A1-6461D7559D4D}.Release|Any CPU.ActiveCfg = Release|Any CPU
		{24A0D4F8-1B3B-4794-99A1-6461D7559D4D}.Release|Any CPU.Build.0 = Release|Any CPU
		{1F6E9846-AF96-4B51-B130-F3EDEC10E2D4}.Debug|Any CPU.ActiveCfg = Debug|Any CPU
		{1F6E9846-AF96-4B51-B130-F3EDEC10E2D4}.Debug|Any CPU.Build.0 = Debug|Any CPU
		{1F6E9846-AF96-4B51-B130-F3EDEC10E2D4}.Release|Any CPU.ActiveCfg = Release|Any CPU
		{1F6E9846-AF96-4B51-B130-F3EDEC10E2D4}.Release|Any CPU.Build.0 = Release|Any CPU
	EndGlobalSection
	GlobalSection(SolutionProperties) = preSolution
		HideSolutionNode = FALSE
	EndGlobalSection
	GlobalSection(ExtensibilityGlobals) = postSolution
		SolutionGuid = {F54D8FAB-1129-4B1F-9C00-574A7AE7ADD5}
	EndGlobalSection
EndGlobal
